// !$*UTF8*$!
{
	archiveVersion = 1;
	classes = {
	};
	objectVersion = 46;
	objects = {

/* Begin PBXBuildFile section */
		A709EDE51E2B78DE007C3AA9 /* Post.swift in Sources */ = {isa = PBXBuildFile; fileRef = A709EDE41E2B78DE007C3AA9 /* Post.swift */; };
		A709EDE71E2B78F3007C3AA9 /* BRTableViewController.swift in Sources */ = {isa = PBXBuildFile; fileRef = A709EDE61E2B78F3007C3AA9 /* BRTableViewController.swift */; };
		A709EDE91E2B7903007C3AA9 /* PostViewController.swift in Sources */ = {isa = PBXBuildFile; fileRef = A709EDE81E2B7903007C3AA9 /* PostViewController.swift */; };
		A709EDEB1E2B7917007C3AA9 /* Images.xcassets in Resources */ = {isa = PBXBuildFile; fileRef = A709EDEA1E2B7917007C3AA9 /* Images.xcassets */; };
		A709EDF01E2B7ABF007C3AA9 /* Main.storyboard in Resources */ = {isa = PBXBuildFile; fileRef = A709EDEE1E2B7ABF007C3AA9 /* Main.storyboard */; };
		A709EDF21E2B7AFF007C3AA9 /* AppDelegate.swift in Sources */ = {isa = PBXBuildFile; fileRef = A709EDF11E2B7AFF007C3AA9 /* AppDelegate.swift */; };
		A70FDF261E68912300E482B0 /* nasa1.png in Resources */ = {isa = PBXBuildFile; fileRef = A70FDF1E1E68912300E482B0 /* nasa1.png */; };
		A70FDF271E68912300E482B0 /* nasa01.png in Resources */ = {isa = PBXBuildFile; fileRef = A70FDF1F1E68912300E482B0 /* nasa01.png */; };
		A70FDF281E68912300E482B0 /* nasa2.png in Resources */ = {isa = PBXBuildFile; fileRef = A70FDF201E68912300E482B0 /* nasa2.png */; };
		A70FDF291E68912300E482B0 /* nasa02.png in Resources */ = {isa = PBXBuildFile; fileRef = A70FDF211E68912300E482B0 /* nasa02.png */; };
		A70FDF2A1E68912300E482B0 /* nasa3.png in Resources */ = {isa = PBXBuildFile; fileRef = A70FDF221E68912300E482B0 /* nasa3.png */; };
		A70FDF2B1E68912300E482B0 /* nasa4.png in Resources */ = {isa = PBXBuildFile; fileRef = A70FDF231E68912300E482B0 /* nasa4.png */; };
		A70FDF2C1E68912300E482B0 /* nasa5.png in Resources */ = {isa = PBXBuildFile; fileRef = A70FDF241E68912300E482B0 /* nasa5.png */; };
		A70FDF2D1E68912300E482B0 /* nasa6.png in Resources */ = {isa = PBXBuildFile; fileRef = A70FDF251E68912300E482B0 /* nasa6.png */; };
/* End PBXBuildFile section */

/* Begin PBXFileReference section */
		48A6A596198A03A600A18304 /* Light-NASA-RSS-Reader.app */ = {isa = PBXFileReference; explicitFileType = wrapper.application; includeInIndex = 0; path = "Light-NASA-RSS-Reader.app"; sourceTree = BUILT_PRODUCTS_DIR; };
		A709EDE41E2B78DE007C3AA9 /* Post.swift */ = {isa = PBXFileReference; fileEncoding = 4; lastKnownFileType = sourcecode.swift; name = Post.swift; path = "Light-NASA-RSS-Reader/Post.swift"; sourceTree = SOURCE_ROOT; };
		A709EDE61E2B78F3007C3AA9 /* BRTableViewController.swift */ = {isa = PBXFileReference; fileEncoding = 4; lastKnownFileType = sourcecode.swift; name = BRTableViewController.swift; path = "Light-NASA-RSS-Reader/BRTableViewController.swift"; sourceTree = SOURCE_ROOT; };
		A709EDE81E2B7903007C3AA9 /* PostViewController.swift */ = {isa = PBXFileReference; fileEncoding = 4; lastKnownFileType = sourcecode.swift; name = PostViewController.swift; path = "Light-NASA-RSS-Reader/PostViewController.swift"; sourceTree = SOURCE_ROOT; };
		A709EDEA1E2B7917007C3AA9 /* Images.xcassets */ = {isa = PBXFileReference; lastKnownFileType = folder.assetcatalog; name = Images.xcassets; path = "Light-NASA-RSS-Reader/Images.xcassets"; sourceTree = SOURCE_ROOT; };
		A709EDEF1E2B7ABF007C3AA9 /* Base */ = {isa = PBXFileReference; lastKnownFileType = file.storyboard; name = Base; path = "Light-NASA-RSS-Reader/Base.lproj/Main.storyboard"; sourceTree = SOURCE_ROOT; };
		A709EDF11E2B7AFF007C3AA9 /* AppDelegate.swift */ = {isa = PBXFileReference; fileEncoding = 4; lastKnownFileType = sourcecode.swift; name = AppDelegate.swift; path = "Light-NASA-RSS-Reader/AppDelegate.swift"; sourceTree = SOURCE_ROOT; };
		A709EDF31E2B7B0D007C3AA9 /* Info.plist */ = {isa = PBXFileReference; fileEncoding = 4; lastKnownFileType = text.plist.xml; name = Info.plist; path = "Light-NASA-RSS-Reader/Info.plist"; sourceTree = SOURCE_ROOT; };
		A70FDF1E1E68912300E482B0 /* nasa1.png */ = {isa = PBXFileReference; lastKnownFileType = image.png; name = nasa1.png; path = "Light-NASA-RSS-Reader/images/nasa1.png"; sourceTree = "<group>"; };
		A70FDF1F1E68912300E482B0 /* nasa01.png */ = {isa = PBXFileReference; lastKnownFileType = image.png; name = nasa01.png; path = "Light-NASA-RSS-Reader/images/nasa01.png"; sourceTree = "<group>"; };
		A70FDF201E68912300E482B0 /* nasa2.png */ = {isa = PBXFileReference; lastKnownFileType = image.png; name = nasa2.png; path = "Light-NASA-RSS-Reader/images/nasa2.png"; sourceTree = "<group>"; };
		A70FDF211E68912300E482B0 /* nasa02.png */ = {isa = PBXFileReference; lastKnownFileType = image.png; name = nasa02.png; path = "Light-NASA-RSS-Reader/images/nasa02.png"; sourceTree = "<group>"; };
		A70FDF221E68912300E482B0 /* nasa3.png */ = {isa = PBXFileReference; lastKnownFileType = image.png; name = nasa3.png; path = "Light-NASA-RSS-Reader/images/nasa3.png"; sourceTree = "<group>"; };
		A70FDF231E68912300E482B0 /* nasa4.png */ = {isa = PBXFileReference; lastKnownFileType = image.png; name = nasa4.png; path = "Light-NASA-RSS-Reader/images/nasa4.png"; sourceTree = "<group>"; };
		A70FDF241E68912300E482B0 /* nasa5.png */ = {isa = PBXFileReference; lastKnownFileType = image.png; name = nasa5.png; path = "Light-NASA-RSS-Reader/images/nasa5.png"; sourceTree = "<group>"; };
		A70FDF251E68912300E482B0 /* nasa6.png */ = {isa = PBXFileReference; lastKnownFileType = image.png; name = nasa6.png; path = "Light-NASA-RSS-Reader/images/nasa6.png"; sourceTree = "<group>"; };
/* End PBXFileReference section */

/* Begin PBXFrameworksBuildPhase section */
		48A6A593198A03A600A18304 /* Frameworks */ = {
			isa = PBXFrameworksBuildPhase;
			buildActionMask = 2147483647;
			files = (
			);
			runOnlyForDeploymentPostprocessing = 0;
		};
/* End PBXFrameworksBuildPhase section */

/* Begin PBXGroup section */
		48A6A58D198A03A600A18304 = {
			isa = PBXGroup;
			children = (
				A7F9E72B1E688B48007D0A27 /* New Group */,
				48A6A598198A03A600A18304 /* Light-NASA-RSS-Reader */,
				48A6A597198A03A600A18304 /* Products */,
			);
			sourceTree = "<group>";
		};
		48A6A597198A03A600A18304 /* Products */ = {
			isa = PBXGroup;
			children = (
				48A6A596198A03A600A18304 /* Light-NASA-RSS-Reader.app */,
			);
			name = Products;
			sourceTree = "<group>";
		};
		48A6A598198A03A600A18304 /* Light-NASA-RSS-Reader */ = {
			isa = PBXGroup;
			children = (
				A709EDE41E2B78DE007C3AA9 /* Post.swift */,
				A709EDE81E2B7903007C3AA9 /* PostViewController.swift */,
				A709EDE61E2B78F3007C3AA9 /* BRTableViewController.swift */,
				A709EDEE1E2B7ABF007C3AA9 /* Main.storyboard */,
				A709EDEA1E2B7917007C3AA9 /* Images.xcassets */,
				48A6A599198A03A600A18304 /* Supporting Files */,
			);
			name = "Light-NASA-RSS-Reader";
			path = BlogReader;
			sourceTree = "<group>";
		};
		48A6A599198A03A600A18304 /* Supporting Files */ = {
			isa = PBXGroup;
			children = (
				A709EDF11E2B7AFF007C3AA9 /* AppDelegate.swift */,
				A709EDF31E2B7B0D007C3AA9 /* Info.plist */,
			);
			name = "Supporting Files";
			sourceTree = "<group>";
		};
		A7F9E72B1E688B48007D0A27 /* New Group */ = {
			isa = PBXGroup;
			children = (
				A70FDF1E1E68912300E482B0 /* nasa1.png */,
				A70FDF1F1E68912300E482B0 /* nasa01.png */,
				A70FDF201E68912300E482B0 /* nasa2.png */,
				A70FDF211E68912300E482B0 /* nasa02.png */,
				A70FDF221E68912300E482B0 /* nasa3.png */,
				A70FDF231E68912300E482B0 /* nasa4.png */,
				A70FDF241E68912300E482B0 /* nasa5.png */,
				A70FDF251E68912300E482B0 /* nasa6.png */,
			);
			name = "New Group";
			sourceTree = "<group>";
		};
/* End PBXGroup section */

/* Begin PBXNativeTarget section */
		48A6A595198A03A600A18304 /* Light-NASA-RSS-Reader */ = {
			isa = PBXNativeTarget;
			buildConfigurationList = 48A6A5B2198A03A700A18304 /* Build configuration list for PBXNativeTarget "Light-NASA-RSS-Reader" */;
			buildPhases = (
				48A6A592198A03A600A18304 /* Sources */,
				48A6A593198A03A600A18304 /* Frameworks */,
				48A6A594198A03A600A18304 /* Resources */,
			);
			buildRules = (
			);
			dependencies = (
			);
			name = "Light-NASA-RSS-Reader";
			productName = BlogReader;
			productReference = 48A6A596198A03A600A18304 /* Light-NASA-RSS-Reader.app */;
			productType = "com.apple.product-type.application";
		};
/* End PBXNativeTarget section */

/* Begin PBXProject section */
		48A6A58E198A03A600A18304 /* Project object */ = {
			isa = PBXProject;
			attributes = {
				LastSwiftMigration = 0730;
				LastSwiftUpdateCheck = 0730;
				LastUpgradeCheck = 0820;
				ORGANIZATIONNAME = "Ravi Shankar";
				TargetAttributes = {
					48A6A595198A03A600A18304 = {
						CreatedOnToolsVersion = 6.0;
						DevelopmentTeam = 63455GEHLW;
						LastSwiftMigration = 0800;
					};
				};
			};
			buildConfigurationList = 48A6A591198A03A600A18304 /* Build configuration list for PBXProject "Light-NASA-RSS-Reader" */;
			compatibilityVersion = "Xcode 3.2";
			developmentRegion = English;
			hasScannedForEncodings = 0;
			knownRegions = (
				en,
				Base,
			);
			mainGroup = 48A6A58D198A03A600A18304;
			productRefGroup = 48A6A597198A03A600A18304 /* Products */;
			projectDirPath = "";
			projectRoot = "";
			targets = (
				48A6A595198A03A600A18304 /* Light-NASA-RSS-Reader */,
			);
		};
/* End PBXProject section */

/* Begin PBXResourcesBuildPhase section */
		48A6A594198A03A600A18304 /* Resources */ = {
			isa = PBXResourcesBuildPhase;
			buildActionMask = 2147483647;
			files = (
				A70FDF2C1E68912300E482B0 /* nasa5.png in Resources */,
				A70FDF281E68912300E482B0 /* nasa2.png in Resources */,
				A70FDF261E68912300E482B0 /* nasa1.png in Resources */,
				A70FDF271E68912300E482B0 /* nasa01.png in Resources */,
				A70FDF2B1E68912300E482B0 /* nasa4.png in Resources */,
				A709EDEB1E2B7917007C3AA9 /* Images.xcassets in Resources */,
				A70FDF291E68912300E482B0 /* nasa02.png in Resources */,
				A70FDF2D1E68912300E482B0 /* nasa6.png in Resources */,
				A70FDF2A1E68912300E482B0 /* nasa3.png in Resources */,
				A709EDF01E2B7ABF007C3AA9 /* Main.storyboard in Resources */,
			);
			runOnlyForDeploymentPostprocessing = 0;
		};
/* End PBXResourcesBuildPhase section */

/* Begin PBXSourcesBuildPhase section */
		48A6A592198A03A600A18304 /* Sources */ = {
			isa = PBXSourcesBuildPhase;
			buildActionMask = 2147483647;
			files = (
				A709EDF21E2B7AFF007C3AA9 /* AppDelegate.swift in Sources */,
				A709EDE91E2B7903007C3AA9 /* PostViewController.swift in Sources */,
				A709EDE71E2B78F3007C3AA9 /* BRTableViewController.swift in Sources */,
				A709EDE51E2B78DE007C3AA9 /* Post.swift in Sources */,
			);
			runOnlyForDeploymentPostprocessing = 0;
		};
/* End PBXSourcesBuildPhase section */

/* Begin PBXVariantGroup section */
		A709EDEE1E2B7ABF007C3AA9 /* Main.storyboard */ = {
			isa = PBXVariantGroup;
			children = (
				A709EDEF1E2B7ABF007C3AA9 /* Base */,
			);
			name = Main.storyboard;
			sourceTree = "<group>";
		};
/* End PBXVariantGroup section */

/* Begin XCBuildConfiguration section */
		48A6A5B0198A03A700A18304 /* Debug */ = {
			isa = XCBuildConfiguration;
			buildSettings = {
				ALWAYS_SEARCH_USER_PATHS = NO;
				CLANG_CXX_LANGUAGE_STANDARD = "gnu++0x";
				CLANG_CXX_LIBRARY = "libc++";
				CLANG_ENABLE_MODULES = YES;
				CLANG_ENABLE_OBJC_ARC = YES;
				CLANG_WARN_BOOL_CONVERSION = YES;
				CLANG_WARN_CONSTANT_CONVERSION = YES;
				CLANG_WARN_DIRECT_OBJC_ISA_USAGE = YES_ERROR;
				CLANG_WARN_EMPTY_BODY = YES;
				CLANG_WARN_ENUM_CONVERSION = YES;
				CLANG_WARN_INFINITE_RECURSION = YES;
				CLANG_WARN_INT_CONVERSION = YES;
				CLANG_WARN_OBJC_ROOT_CLASS = YES_ERROR;
				CLANG_WARN_SUSPICIOUS_MOVE = YES;
				CLANG_WARN_UNREACHABLE_CODE = YES;
				CLANG_WARN__DUPLICATE_METHOD_MATCH = YES;
				"CODE_SIGN_IDENTITY[sdk=iphoneos*]" = "iPhone Developer";
				COPY_PHASE_STRIP = NO;
				ENABLE_STRICT_OBJC_MSGSEND = YES;
				ENABLE_TESTABILITY = YES;
				GCC_C_LANGUAGE_STANDARD = gnu99;
				GCC_DYNAMIC_NO_PIC = NO;
				GCC_NO_COMMON_BLOCKS = YES;
				GCC_OPTIMIZATION_LEVEL = 0;
				GCC_PREPROCESSOR_DEFINITIONS = (
					"DEBUG=1",
					"$(inherited)",
				);
				GCC_SYMBOLS_PRIVATE_EXTERN = NO;
				GCC_WARN_64_TO_32_BIT_CONVERSION = YES;
				GCC_WARN_ABOUT_RETURN_TYPE = YES_ERROR;
				GCC_WARN_UNDECLARED_SELECTOR = YES;
				GCC_WARN_UNINITIALIZED_AUTOS = YES_AGGRESSIVE;
				GCC_WARN_UNUSED_FUNCTION = YES;
				GCC_WARN_UNUSED_VARIABLE = YES;
				IPHONEOS_DEPLOYMENT_TARGET = 10.0;
				MTL_ENABLE_DEBUG_INFO = YES;
				ONLY_ACTIVE_ARCH = YES;
				SDKROOT = iphoneos;
				SWIFT_OPTIMIZATION_LEVEL = "-Onone";
			};
			name = Debug;
		};
		48A6A5B1198A03A700A18304 /* Release */ = {
			isa = XCBuildConfiguration;
			buildSettings = {
				ALWAYS_SEARCH_USER_PATHS = NO;
				CLANG_CXX_LANGUAGE_STANDARD = "gnu++0x";
				CLANG_CXX_LIBRARY = "libc++";
				CLANG_ENABLE_MODULES = YES;
				CLANG_ENABLE_OBJC_ARC = YES;
				CLANG_WARN_BOOL_CONVERSION = YES;
				CLANG_WARN_CONSTANT_CONVERSION = YES;
				CLANG_WARN_DIRECT_OBJC_ISA_USAGE = YES_ERROR;
				CLANG_WARN_EMPTY_BODY = YES;
				CLANG_WARN_ENUM_CONVERSION = YES;
				CLANG_WARN_INFINITE_RECURSION = YES;
				CLANG_WARN_INT_CONVERSION = YES;
				CLANG_WARN_OBJC_ROOT_CLASS = YES_ERROR;
				CLANG_WARN_SUSPICIOUS_MOVE = YES;
				CLANG_WARN_UNREACHABLE_CODE = YES;
				CLANG_WARN__DUPLICATE_METHOD_MATCH = YES;
				"CODE_SIGN_IDENTITY[sdk=iphoneos*]" = "iPhone Developer";
				COPY_PHASE_STRIP = YES;
				ENABLE_NS_ASSERTIONS = NO;
				ENABLE_STRICT_OBJC_MSGSEND = YES;
				GCC_C_LANGUAGE_STANDARD = gnu99;
				GCC_NO_COMMON_BLOCKS = YES;
				GCC_WARN_64_TO_32_BIT_CONVERSION = YES;
				GCC_WARN_ABOUT_RETURN_TYPE = YES_ERROR;
				GCC_WARN_UNDECLARED_SELECTOR = YES;
				GCC_WARN_UNINITIALIZED_AUTOS = YES_AGGRESSIVE;
				GCC_WARN_UNUSED_FUNCTION = YES;
				GCC_WARN_UNUSED_VARIABLE = YES;
				IPHONEOS_DEPLOYMENT_TARGET = 10.0;
				MTL_ENABLE_DEBUG_INFO = NO;
				SDKROOT = iphoneos;
				SWIFT_OPTIMIZATION_LEVEL = "-Owholemodule";
				VALIDATE_PRODUCT = YES;
			};
			name = Release;
		};
		48A6A5B3198A03A700A18304 /* Debug */ = {
			isa = XCBuildConfiguration;
			buildSettings = {
				ASSETCATALOG_COMPILER_APPICON_NAME = AppIcon;
				CODE_SIGN_IDENTITY = "iPhone Developer";
				"CODE_SIGN_IDENTITY[sdk=iphoneos*]" = "iPhone Developer";
				DEVELOPMENT_TEAM = 63455GEHLW;
				INFOPLIST_FILE = "Light-NASA-RSS-Reader/Info.plist";
				IPHONEOS_DEPLOYMENT_TARGET = 10.0;
				LD_RUNPATH_SEARCH_PATHS = "$(inherited) @executable_path/Frameworks";
				PRODUCT_BUNDLE_IDENTIFIER = pkoyushev.com;
				PRODUCT_NAME = "$(TARGET_NAME)";
				PROVISIONING_PROFILE = "";
				SWIFT_VERSION = 3.0;
				TARGETED_DEVICE_FAMILY = 1;
			};
			name = Debug;
		};
		48A6A5B4198A03A700A18304 /* Release */ = {
			isa = XCBuildConfiguration;
			buildSettings = {
				ASSETCATALOG_COMPILER_APPICON_NAME = AppIcon;
				CODE_SIGN_IDENTITY = "iPhone Developer";
				"CODE_SIGN_IDENTITY[sdk=iphoneos*]" = "iPhone Developer";
				DEVELOPMENT_TEAM = 63455GEHLW;
				INFOPLIST_FILE = "Light-NASA-RSS-Reader/Info.plist";
				IPHONEOS_DEPLOYMENT_TARGET = 10.0;
				LD_RUNPATH_SEARCH_PATHS = "$(inherited) @executable_path/Frameworks";
				PRODUCT_BUNDLE_IDENTIFIER = pkoyushev.com;
				PRODUCT_NAME = "$(TARGET_NAME)";
				PROVISIONING_PROFILE = "";
				SWIFT_VERSION = 3.0;
				TARGETED_DEVICE_FAMILY = 1;
			};
			name = Release;
		};
/* End XCBuildConfiguration section */

/* Begin XCConfigurationList section */
		48A6A591198A03A600A18304 /* Build configuration list for PBXProject "Light-NASA-RSS-Reader" */ = {
			isa = XCConfigurationList;
			buildConfigurations = (
				48A6A5B0198A03A700A18304 /* Debug */,
				48A6A5B1198A03A700A18304 /* Release */,
			);
			defaultConfigurationIsVisible = 0;
			defaultConfigurationName = Release;
		};
		48A6A5B2198A03A700A18304 /* Build configuration list for PBXNativeTarget "Light-NASA-RSS-Reader" */ = {
			isa = XCConfigurationList;
			buildConfigurations = (
				48A6A5B3198A03A700A18304 /* Debug */,
				48A6A5B4198A03A700A18304 /* Release */,
			);
			defaultConfigurationIsVisible = 0;
			defaultConfigurationName = Release;
		};
/* End XCConfigurationList section */
	};
	rootObject = 48A6A58E198A03A600A18304 /* Project object */;
}
